
Microsoft Visual Studio Solution File, Format Version 12.00
# Visual Studio Version 17
VisualStudioVersion = 17.5.002.0
MinimumVisualStudioVersion = 10.0.40219.1
Project("{9A19103F-16F7-4668-BE54-9A1E7A4F7556}") = "backend", "backend\backend.csproj", "{9AA83693-DE6C-49CE-BE8B-5E41D63057B9}"
EndProject
Global
	GlobalSection(SolutionConfigurationPlatforms) = preSolution
		Debug|Any CPU = Debug|Any CPU
		Release|Any CPU = Release|Any CPU
	EndGlobalSection
	GlobalSection(ProjectConfigurationPlatforms) = postSolution
		{9AA83693-DE6C-49CE-BE8B-5E41D63057B9}.Debug|Any CPU.ActiveCfg = Debug|Any CPU
		{9AA83693-DE6C-49CE-BE8B-5E41D63057B9}.Debug|Any CPU.Build.0 = Debug|Any CPU
		{9AA83693-DE6C-49CE-BE8B-5E41D63057B9}.Release|Any CPU.ActiveCfg = Release|Any CPU
		{9AA83693-DE6C-49CE-BE8B-5E41D63057B9}.Release|Any CPU.Build.0 = Release|Any CPU
	EndGlobalSection
	GlobalSection(SolutionProperties) = preSolution
		HideSolutionNode = FALSE
	EndGlobalSection
	GlobalSection(ExtensibilityGlobals) = postSolution
		SolutionGuid = {A28E239C-0F07-402B-80AB-3770E8356EE6}
	EndGlobalSection
EndGlobal
